// !$*UTF8*$!
{
	archiveVersion = 1;
	classes = {
	};
	objectVersion = 77;
	objects = {

/* Begin PBXBuildFile section */
		0803DB252CEC9566004A6D60 /* Migraine.swift in Sources */ = {isa = PBXBuildFile; fileRef = 0803DB242CEC9566004A6D60 /* Migraine.swift */; };
		0803DB292CEC97C3004A6D60 /* SampleData.swift in Sources */ = {isa = PBXBuildFile; fileRef = 0803DB282CEC97C3004A6D60 /* SampleData.swift */; };
		0803DB2B2CEC9832004A6D60 /* Migraine+SampleData.swift in Sources */ = {isa = PBXBuildFile; fileRef = 0803DB2A2CEC9832004A6D60 /* Migraine+SampleData.swift */; };
		0803DB2D2CEC98D2004A6D60 /* MigraineLevel.swift in Sources */ = {isa = PBXBuildFile; fileRef = 0803DB2C2CEC98D2004A6D60 /* MigraineLevel.swift */; };
		0803DB2F2CECA39C004A6D60 /* MigraineList.swift in Sources */ = {isa = PBXBuildFile; fileRef = 0803DB2E2CECA39C004A6D60 /* MigraineList.swift */; };
		0803DB312CECA8E2004A6D60 /* MigraineDetails.swift in Sources */ = {isa = PBXBuildFile; fileRef = 0803DB302CECA8E2004A6D60 /* MigraineDetails.swift */; };
		08248AB92CE7534C005511BE /* Calendar+MonthUtilities.swift in Sources */ = {isa = PBXBuildFile; fileRef = 08248AB82CE7534C005511BE /* Calendar+MonthUtilities.swift */; };
		083104662CEBA89300002C7C /* Notes.md in Resources */ = {isa = PBXBuildFile; fileRef = 083104652CEBA89300002C7C /* Notes.md */; };
		089B782A2CE8A64D008238FE /* DateError.swift in Sources */ = {isa = PBXBuildFile; fileRef = 089B78292CE8A64C008238FE /* DateError.swift */; };
		089B782C2CE8A7E2008238FE /* Date+MonthUtilities.swift in Sources */ = {isa = PBXBuildFile; fileRef = 089B782B2CE8A7E2008238FE /* Date+MonthUtilities.swift */; };
		08DDA1F22CEDE8A300BC38DA /* CalendarControlBar.swift in Sources */ = {isa = PBXBuildFile; fileRef = 08DDA1F12CEDE8A300BC38DA /* CalendarControlBar.swift */; };
		08DDA1F62CEDEDB300BC38DA /* WeekdayGridItem.swift in Sources */ = {isa = PBXBuildFile; fileRef = 08DDA1F52CEDEDB300BC38DA /* WeekdayGridItem.swift */; };
		08DDA1F82CEDEFB200BC38DA /* Array+Migraine.swift in Sources */ = {isa = PBXBuildFile; fileRef = 08DDA1F72CEDEFB200BC38DA /* Array+Migraine.swift */; };
		08DDA1FA2CEDF7EA00BC38DA /* MigraineGridItem.swift in Sources */ = {isa = PBXBuildFile; fileRef = 08DDA1F92CEDF7EA00BC38DA /* MigraineGridItem.swift */; };
		08DDA1FC2CEE318A00BC38DA /* MigraineDetailsLevelSelector.swift in Sources */ = {isa = PBXBuildFile; fileRef = 08DDA1FB2CEE318A00BC38DA /* MigraineDetailsLevelSelector.swift */; };
		08FB1EAE2CE607DF00872415 /* ContentView.swift in Sources */ = {isa = PBXBuildFile; fileRef = 08FB1EAB2CE607DF00872415 /* ContentView.swift */; };
		08FB1EAF2CE607DF00872415 /* MigraineApp.swift in Sources */ = {isa = PBXBuildFile; fileRef = 08FB1EAC2CE607DF00872415 /* MigraineApp.swift */; };
		08FB1EB02CE607DF00872415 /* Preview Assets.xcassets in Resources */ = {isa = PBXBuildFile; fileRef = 08FB1EA82CE607DF00872415 /* Preview Assets.xcassets */; };
		08FB1EB12CE607DF00872415 /* Assets.xcassets in Resources */ = {isa = PBXBuildFile; fileRef = 08FB1EAA2CE607DF00872415 /* Assets.xcassets */; };
		08FB1EB62CE61A8500872415 /* Day.swift in Sources */ = {isa = PBXBuildFile; fileRef = 08FB1EB52CE61A8500872415 /* Day.swift */; };
/* End PBXBuildFile section */

/* Begin PBXFileReference section */
		0803DB242CEC9566004A6D60 /* Migraine.swift */ = {isa = PBXFileReference; lastKnownFileType = sourcecode.swift; path = Migraine.swift; sourceTree = "<group>"; };
		0803DB282CEC97C3004A6D60 /* SampleData.swift */ = {isa = PBXFileReference; lastKnownFileType = sourcecode.swift; path = SampleData.swift; sourceTree = "<group>"; };
		0803DB2A2CEC9832004A6D60 /* Migraine+SampleData.swift */ = {isa = PBXFileReference; lastKnownFileType = sourcecode.swift; path = "Migraine+SampleData.swift"; sourceTree = "<group>"; };
		0803DB2C2CEC98D2004A6D60 /* MigraineLevel.swift */ = {isa = PBXFileReference; lastKnownFileType = sourcecode.swift; path = MigraineLevel.swift; sourceTree = "<group>"; };
		0803DB2E2CECA39C004A6D60 /* MigraineList.swift */ = {isa = PBXFileReference; lastKnownFileType = sourcecode.swift; path = MigraineList.swift; sourceTree = "<group>"; };
		0803DB302CECA8E2004A6D60 /* MigraineDetails.swift */ = {isa = PBXFileReference; lastKnownFileType = sourcecode.swift; path = MigraineDetails.swift; sourceTree = "<group>"; };
		08248AB82CE7534C005511BE /* Calendar+MonthUtilities.swift */ = {isa = PBXFileReference; lastKnownFileType = sourcecode.swift; path = "Calendar+MonthUtilities.swift"; sourceTree = "<group>"; };
		083104652CEBA89300002C7C /* Notes.md */ = {isa = PBXFileReference; lastKnownFileType = net.daringfireball.markdown; path = Notes.md; sourceTree = "<group>"; };
		089B78292CE8A64C008238FE /* DateError.swift */ = {isa = PBXFileReference; lastKnownFileType = sourcecode.swift; path = DateError.swift; sourceTree = "<group>"; };
		089B782B2CE8A7E2008238FE /* Date+MonthUtilities.swift */ = {isa = PBXFileReference; lastKnownFileType = sourcecode.swift; path = "Date+MonthUtilities.swift"; sourceTree = "<group>"; };
		08DDA1F12CEDE8A300BC38DA /* CalendarControlBar.swift */ = {isa = PBXFileReference; lastKnownFileType = sourcecode.swift; path = CalendarControlBar.swift; sourceTree = "<group>"; };
		08DDA1F52CEDEDB300BC38DA /* WeekdayGridItem.swift */ = {isa = PBXFileReference; lastKnownFileType = sourcecode.swift; path = WeekdayGridItem.swift; sourceTree = "<group>"; };
		08DDA1F72CEDEFB200BC38DA /* Array+Migraine.swift */ = {isa = PBXFileReference; lastKnownFileType = sourcecode.swift; path = "Array+Migraine.swift"; sourceTree = "<group>"; };
		08DDA1F92CEDF7EA00BC38DA /* MigraineGridItem.swift */ = {isa = PBXFileReference; lastKnownFileType = sourcecode.swift; path = MigraineGridItem.swift; sourceTree = "<group>"; };
		08DDA1FB2CEE318A00BC38DA /* MigraineDetailsLevelSelector.swift */ = {isa = PBXFileReference; lastKnownFileType = sourcecode.swift; path = MigraineDetailsLevelSelector.swift; sourceTree = "<group>"; };
		08FB1E972CE6062F00872415 /* Migraine.app */ = {isa = PBXFileReference; explicitFileType = wrapper.application; includeInIndex = 0; path = Migraine.app; sourceTree = BUILT_PRODUCTS_DIR; };
		08FB1EA82CE607DF00872415 /* Preview Assets.xcassets */ = {isa = PBXFileReference; lastKnownFileType = folder.assetcatalog; path = "Preview Assets.xcassets"; sourceTree = "<group>"; };
		08FB1EAA2CE607DF00872415 /* Assets.xcassets */ = {isa = PBXFileReference; lastKnownFileType = folder.assetcatalog; path = Assets.xcassets; sourceTree = "<group>"; };
		08FB1EAB2CE607DF00872415 /* ContentView.swift */ = {isa = PBXFileReference; lastKnownFileType = sourcecode.swift; path = ContentView.swift; sourceTree = "<group>"; };
		08FB1EAC2CE607DF00872415 /* MigraineApp.swift */ = {isa = PBXFileReference; lastKnownFileType = sourcecode.swift; path = MigraineApp.swift; sourceTree = "<group>"; };
		08FB1EB52CE61A8500872415 /* Day.swift */ = {isa = PBXFileReference; lastKnownFileType = sourcecode.swift; path = Day.swift; sourceTree = "<group>"; };
/* End PBXFileReference section */

/* Begin PBXFrameworksBuildPhase section */
		08FB1E942CE6062F00872415 /* Frameworks */ = {
			isa = PBXFrameworksBuildPhase;
			buildActionMask = 2147483647;
			files = (
			);
			runOnlyForDeploymentPostprocessing = 0;
		};
/* End PBXFrameworksBuildPhase section */

/* Begin PBXGroup section */
		0803DB262CEC956D004A6D60 /* Models */ = {
			isa = PBXGroup;
			children = (
				0803DB242CEC9566004A6D60 /* Migraine.swift */,
			);
			path = Models;
			sourceTree = "<group>";
		};
		0803DB272CEC97B2004A6D60 /* Utitlities */ = {
			isa = PBXGroup;
			children = (
				0803DB282CEC97C3004A6D60 /* SampleData.swift */,
			);
			path = Utitlities;
			sourceTree = "<group>";
		};
		08248AB72CE652D4005511BE /* Enums */ = {
			isa = PBXGroup;
			children = (
				08FB1EB52CE61A8500872415 /* Day.swift */,
				089B78292CE8A64C008238FE /* DateError.swift */,
				0803DB2C2CEC98D2004A6D60 /* MigraineLevel.swift */,
			);
			path = Enums;
			sourceTree = "<group>";
		};
		08248ABA2CE75351005511BE /* Extensions */ = {
			isa = PBXGroup;
			children = (
				08DDA1F72CEDEFB200BC38DA /* Array+Migraine.swift */,
				08248AB82CE7534C005511BE /* Calendar+MonthUtilities.swift */,
				089B782B2CE8A7E2008238FE /* Date+MonthUtilities.swift */,
				0803DB2A2CEC9832004A6D60 /* Migraine+SampleData.swift */,
			);
			path = Extensions;
			sourceTree = "<group>";
		};
		08FB1E8E2CE6062F00872415 = {
			isa = PBXGroup;
			children = (
				08FB1EAD2CE607DF00872415 /* Migraine */,
				08FB1E982CE6062F00872415 /* Products */,
			);
			sourceTree = "<group>";
		};
		08FB1E982CE6062F00872415 /* Products */ = {
			isa = PBXGroup;
			children = (
				08FB1E972CE6062F00872415 /* Migraine.app */,
			);
			name = Products;
			sourceTree = "<group>";
		};
		08FB1EA92CE607DF00872415 /* Preview Content */ = {
			isa = PBXGroup;
			children = (
				08FB1EA82CE607DF00872415 /* Preview Assets.xcassets */,
			);
			path = "Preview Content";
			sourceTree = "<group>";
		};
		08FB1EAD2CE607DF00872415 /* Migraine */ = {
			isa = PBXGroup;
			children = (
				083104652CEBA89300002C7C /* Notes.md */,
				08FB1EAC2CE607DF00872415 /* MigraineApp.swift */,
				08248AB72CE652D4005511BE /* Enums */,
				08248ABA2CE75351005511BE /* Extensions */,
				0803DB262CEC956D004A6D60 /* Models */,
				08FB1EA92CE607DF00872415 /* Preview Content */,
				08FB1EAA2CE607DF00872415 /* Assets.xcassets */,
				0803DB272CEC97B2004A6D60 /* Utitlities */,
				08FB1EB42CE61A4100872415 /* Views */,
			);
			path = Migraine;
			sourceTree = "<group>";
		};
		08FB1EB42CE61A4100872415 /* Views */ = {
			isa = PBXGroup;
			children = (
				08DDA1F12CEDE8A300BC38DA /* CalendarControlBar.swift */,
				08FB1EAB2CE607DF00872415 /* ContentView.swift */,
				0803DB302CECA8E2004A6D60 /* MigraineDetails.swift */,
				08DDA1FB2CEE318A00BC38DA /* MigraineDetailsLevelSelector.swift */,
				08DDA1F92CEDF7EA00BC38DA /* MigraineGridItem.swift */,
				0803DB2E2CECA39C004A6D60 /* MigraineList.swift */,
				08DDA1F52CEDEDB300BC38DA /* WeekdayGridItem.swift */,
			);
			path = Views;
			sourceTree = "<group>";
		};
/* End PBXGroup section */

/* Begin PBXNativeTarget section */
		08FB1E962CE6062F00872415 /* Migraine */ = {
			isa = PBXNativeTarget;
			buildConfigurationList = 08FB1EA52CE6063000872415 /* Build configuration list for PBXNativeTarget "Migraine" */;
			buildPhases = (
				08FB1E932CE6062F00872415 /* Sources */,
				08FB1E942CE6062F00872415 /* Frameworks */,
				08FB1E952CE6062F00872415 /* Resources */,
			);
			buildRules = (
			);
			dependencies = (
			);
			name = Migraine;
			packageProductDependencies = (
			);
			productName = Migraine;
			productReference = 08FB1E972CE6062F00872415 /* Migraine.app */;
			productType = "com.apple.product-type.application";
		};
/* End PBXNativeTarget section */

/* Begin PBXProject section */
		08FB1E8F2CE6062F00872415 /* Project object */ = {
			isa = PBXProject;
			attributes = {
				BuildIndependentTargetsInParallel = 1;
				LastSwiftUpdateCheck = 1610;
				LastUpgradeCheck = 1610;
				TargetAttributes = {
					08FB1E962CE6062F00872415 = {
						CreatedOnToolsVersion = 16.1;
					};
				};
			};
			buildConfigurationList = 08FB1E922CE6062F00872415 /* Build configuration list for PBXProject "Migraine" */;
			developmentRegion = en;
			hasScannedForEncodings = 0;
			knownRegions = (
				en,
				Base,
			);
			mainGroup = 08FB1E8E2CE6062F00872415;
			minimizedProjectReferenceProxies = 1;
			preferredProjectObjectVersion = 77;
			productRefGroup = 08FB1E982CE6062F00872415 /* Products */;
			projectDirPath = "";
			projectRoot = "";
			targets = (
				08FB1E962CE6062F00872415 /* Migraine */,
			);
		};
/* End PBXProject section */

/* Begin PBXResourcesBuildPhase section */
		08FB1E952CE6062F00872415 /* Resources */ = {
			isa = PBXResourcesBuildPhase;
			buildActionMask = 2147483647;
			files = (
				08FB1EB02CE607DF00872415 /* Preview Assets.xcassets in Resources */,
				08FB1EB12CE607DF00872415 /* Assets.xcassets in Resources */,
				083104662CEBA89300002C7C /* Notes.md in Resources */,
			);
			runOnlyForDeploymentPostprocessing = 0;
		};
/* End PBXResourcesBuildPhase section */

/* Begin PBXSourcesBuildPhase section */
		08FB1E932CE6062F00872415 /* Sources */ = {
			isa = PBXSourcesBuildPhase;
			buildActionMask = 2147483647;
			files = (
				089B782A2CE8A64D008238FE /* DateError.swift in Sources */,
				0803DB2F2CECA39C004A6D60 /* MigraineList.swift in Sources */,
				08DDA1FC2CEE318A00BC38DA /* MigraineDetailsLevelSelector.swift in Sources */,
				08DDA1FA2CEDF7EA00BC38DA /* MigraineGridItem.swift in Sources */,
				08248AB92CE7534C005511BE /* Calendar+MonthUtilities.swift in Sources */,
				08FB1EAE2CE607DF00872415 /* ContentView.swift in Sources */,
				08FB1EAF2CE607DF00872415 /* MigraineApp.swift in Sources */,
				0803DB2B2CEC9832004A6D60 /* Migraine+SampleData.swift in Sources */,
				0803DB252CEC9566004A6D60 /* Migraine.swift in Sources */,
				08DDA1F82CEDEFB200BC38DA /* Array+Migraine.swift in Sources */,
				089B782C2CE8A7E2008238FE /* Date+MonthUtilities.swift in Sources */,
				0803DB2D2CEC98D2004A6D60 /* MigraineLevel.swift in Sources */,
				08DDA1F62CEDEDB300BC38DA /* WeekdayGridItem.swift in Sources */,
				0803DB292CEC97C3004A6D60 /* SampleData.swift in Sources */,
				0803DB312CECA8E2004A6D60 /* MigraineDetails.swift in Sources */,
				08DDA1F22CEDE8A300BC38DA /* CalendarControlBar.swift in Sources */,
				08FB1EB62CE61A8500872415 /* Day.swift in Sources */,
			);
			runOnlyForDeploymentPostprocessing = 0;
		};
/* End PBXSourcesBuildPhase section */

/* Begin XCBuildConfiguration section */
		08FB1EA32CE6063000872415 /* Debug */ = {
			isa = XCBuildConfiguration;
			buildSettings = {
				ALWAYS_SEARCH_USER_PATHS = NO;
				ASSETCATALOG_COMPILER_GENERATE_SWIFT_ASSET_SYMBOL_EXTENSIONS = YES;
				CLANG_ANALYZER_NONNULL = YES;
				CLANG_ANALYZER_NUMBER_OBJECT_CONVERSION = YES_AGGRESSIVE;
				CLANG_CXX_LANGUAGE_STANDARD = "gnu++20";
				CLANG_ENABLE_MODULES = YES;
				CLANG_ENABLE_OBJC_ARC = YES;
				CLANG_ENABLE_OBJC_WEAK = YES;
				CLANG_WARN_BLOCK_CAPTURE_AUTORELEASING = YES;
				CLANG_WARN_BOOL_CONVERSION = YES;
				CLANG_WARN_COMMA = YES;
				CLANG_WARN_CONSTANT_CONVERSION = YES;
				CLANG_WARN_DEPRECATED_OBJC_IMPLEMENTATIONS = YES;
				CLANG_WARN_DIRECT_OBJC_ISA_USAGE = YES_ERROR;
				CLANG_WARN_DOCUMENTATION_COMMENTS = YES;
				CLANG_WARN_EMPTY_BODY = YES;
				CLANG_WARN_ENUM_CONVERSION = YES;
				CLANG_WARN_INFINITE_RECURSION = YES;
				CLANG_WARN_INT_CONVERSION = YES;
				CLANG_WARN_NON_LITERAL_NULL_CONVERSION = YES;
				CLANG_WARN_OBJC_IMPLICIT_RETAIN_SELF = YES;
				CLANG_WARN_OBJC_LITERAL_CONVERSION = YES;
				CLANG_WARN_OBJC_ROOT_CLASS = YES_ERROR;
				CLANG_WARN_QUOTED_INCLUDE_IN_FRAMEWORK_HEADER = YES;
				CLANG_WARN_RANGE_LOOP_ANALYSIS = YES;
				CLANG_WARN_STRICT_PROTOTYPES = YES;
				CLANG_WARN_SUSPICIOUS_MOVE = YES;
				CLANG_WARN_UNGUARDED_AVAILABILITY = YES_AGGRESSIVE;
				CLANG_WARN_UNREACHABLE_CODE = YES;
				CLANG_WARN__DUPLICATE_METHOD_MATCH = YES;
				COPY_PHASE_STRIP = NO;
				DEBUG_INFORMATION_FORMAT = dwarf;
				ENABLE_STRICT_OBJC_MSGSEND = YES;
				ENABLE_TESTABILITY = YES;
				ENABLE_USER_SCRIPT_SANDBOXING = YES;
				GCC_C_LANGUAGE_STANDARD = gnu17;
				GCC_DYNAMIC_NO_PIC = NO;
				GCC_NO_COMMON_BLOCKS = YES;
				GCC_OPTIMIZATION_LEVEL = 0;
				GCC_PREPROCESSOR_DEFINITIONS = (
					"DEBUG=1",
					"$(inherited)",
				);
				GCC_WARN_64_TO_32_BIT_CONVERSION = YES;
				GCC_WARN_ABOUT_RETURN_TYPE = YES_ERROR;
				GCC_WARN_UNDECLARED_SELECTOR = YES;
				GCC_WARN_UNINITIALIZED_AUTOS = YES_AGGRESSIVE;
				GCC_WARN_UNUSED_FUNCTION = YES;
				GCC_WARN_UNUSED_VARIABLE = YES;
				IPHONEOS_DEPLOYMENT_TARGET = 18.1;
				LOCALIZATION_PREFERS_STRING_CATALOGS = YES;
				MTL_ENABLE_DEBUG_INFO = INCLUDE_SOURCE;
				MTL_FAST_MATH = YES;
				ONLY_ACTIVE_ARCH = YES;
				SDKROOT = iphoneos;
				SWIFT_ACTIVE_COMPILATION_CONDITIONS = "DEBUG $(inherited)";
				SWIFT_OPTIMIZATION_LEVEL = "-Onone";
			};
			name = Debug;
		};
		08FB1EA42CE6063000872415 /* Release */ = {
			isa = XCBuildConfiguration;
			buildSettings = {
				ALWAYS_SEARCH_USER_PATHS = NO;
				ASSETCATALOG_COMPILER_GENERATE_SWIFT_ASSET_SYMBOL_EXTENSIONS = YES;
				CLANG_ANALYZER_NONNULL = YES;
				CLANG_ANALYZER_NUMBER_OBJECT_CONVERSION = YES_AGGRESSIVE;
				CLANG_CXX_LANGUAGE_STANDARD = "gnu++20";
				CLANG_ENABLE_MODULES = YES;
				CLANG_ENABLE_OBJC_ARC = YES;
				CLANG_ENABLE_OBJC_WEAK = YES;
				CLANG_WARN_BLOCK_CAPTURE_AUTORELEASING = YES;
				CLANG_WARN_BOOL_CONVERSION = YES;
				CLANG_WARN_COMMA = YES;
				CLANG_WARN_CONSTANT_CONVERSION = YES;
				CLANG_WARN_DEPRECATED_OBJC_IMPLEMENTATIONS = YES;
				CLANG_WARN_DIRECT_OBJC_ISA_USAGE = YES_ERROR;
				CLANG_WARN_DOCUMENTATION_COMMENTS = YES;
				CLANG_WARN_EMPTY_BODY = YES;
				CLANG_WARN_ENUM_CONVERSION = YES;
				CLANG_WARN_INFINITE_RECURSION = YES;
				CLANG_WARN_INT_CONVERSION = YES;
				CLANG_WARN_NON_LITERAL_NULL_CONVERSION = YES;
				CLANG_WARN_OBJC_IMPLICIT_RETAIN_SELF = YES;
				CLANG_WARN_OBJC_LITERAL_CONVERSION = YES;
				CLANG_WARN_OBJC_ROOT_CLASS = YES_ERROR;
				CLANG_WARN_QUOTED_INCLUDE_IN_FRAMEWORK_HEADER = YES;
				CLANG_WARN_RANGE_LOOP_ANALYSIS = YES;
				CLANG_WARN_STRICT_PROTOTYPES = YES;
				CLANG_WARN_SUSPICIOUS_MOVE = YES;
				CLANG_WARN_UNGUARDED_AVAILABILITY = YES_AGGRESSIVE;
				CLANG_WARN_UNREACHABLE_CODE = YES;
				CLANG_WARN__DUPLICATE_METHOD_MATCH = YES;
				COPY_PHASE_STRIP = NO;
				DEBUG_INFORMATION_FORMAT = "dwarf-with-dsym";
				ENABLE_NS_ASSERTIONS = NO;
				ENABLE_STRICT_OBJC_MSGSEND = YES;
				ENABLE_USER_SCRIPT_SANDBOXING = YES;
				GCC_C_LANGUAGE_STANDARD = gnu17;
				GCC_NO_COMMON_BLOCKS = YES;
				GCC_WARN_64_TO_32_BIT_CONVERSION = YES;
				GCC_WARN_ABOUT_RETURN_TYPE = YES_ERROR;
				GCC_WARN_UNDECLARED_SELECTOR = YES;
				GCC_WARN_UNINITIALIZED_AUTOS = YES_AGGRESSIVE;
				GCC_WARN_UNUSED_FUNCTION = YES;
				GCC_WARN_UNUSED_VARIABLE = YES;
				IPHONEOS_DEPLOYMENT_TARGET = 18.1;
				LOCALIZATION_PREFERS_STRING_CATALOGS = YES;
				MTL_ENABLE_DEBUG_INFO = NO;
				MTL_FAST_MATH = YES;
				SDKROOT = iphoneos;
				SWIFT_COMPILATION_MODE = wholemodule;
				VALIDATE_PRODUCT = YES;
			};
			name = Release;
		};
		08FB1EA62CE6063000872415 /* Debug */ = {
			isa = XCBuildConfiguration;
			buildSettings = {
				ASSETCATALOG_COMPILER_APPICON_NAME = AppIcon;
				ASSETCATALOG_COMPILER_GLOBAL_ACCENT_COLOR_NAME = AccentColor;
				CODE_SIGN_STYLE = Automatic;
				CURRENT_PROJECT_VERSION = 1;
				DEVELOPMENT_ASSET_PATHS = "\"Migraine/Preview Content\"";
				DEVELOPMENT_TEAM = ZP4QTMB37S;
				ENABLE_PREVIEWS = YES;
				GENERATE_INFOPLIST_FILE = YES;
				INFOPLIST_KEY_UIApplicationSceneManifest_Generation = YES;
				INFOPLIST_KEY_UIApplicationSupportsIndirectInputEvents = YES;
				INFOPLIST_KEY_UILaunchScreen_Generation = YES;
				INFOPLIST_KEY_UISupportedInterfaceOrientations_iPad = "UIInterfaceOrientationPortrait UIInterfaceOrientationPortraitUpsideDown UIInterfaceOrientationLandscapeLeft UIInterfaceOrientationLandscapeRight";
				INFOPLIST_KEY_UISupportedInterfaceOrientations_iPhone = "UIInterfaceOrientationPortrait UIInterfaceOrientationLandscapeLeft UIInterfaceOrientationLandscapeRight";
				LD_RUNPATH_SEARCH_PATHS = (
					"$(inherited)",
					"@executable_path/Frameworks",
				);
				MARKETING_VERSION = 1.0;
				PRODUCT_BUNDLE_IDENTIFIER = dev.mzio.Migraine;
				PRODUCT_NAME = "$(TARGET_NAME)";
				SWIFT_EMIT_LOC_STRINGS = YES;
				SWIFT_VERSION = 5.0;
				TARGETED_DEVICE_FAMILY = "1,2";
			};
			name = Debug;
		};
		08FB1EA72CE6063000872415 /* Release */ = {
			isa = XCBuildConfiguration;
			buildSettings = {
				ASSETCATALOG_COMPILER_APPICON_NAME = AppIcon;
				ASSETCATALOG_COMPILER_GLOBAL_ACCENT_COLOR_NAME = AccentColor;
				CODE_SIGN_STYLE = Automatic;
				CURRENT_PROJECT_VERSION = 1;
				DEVELOPMENT_ASSET_PATHS = "\"Migraine/Preview Content\"";
				DEVELOPMENT_TEAM = ZP4QTMB37S;
				ENABLE_PREVIEWS = YES;
				GENERATE_INFOPLIST_FILE = YES;
				INFOPLIST_KEY_UIApplicationSceneManifest_Generation = YES;
				INFOPLIST_KEY_UIApplicationSupportsIndirectInputEvents = YES;
				INFOPLIST_KEY_UILaunchScreen_Generation = YES;
				INFOPLIST_KEY_UISupportedInterfaceOrientations_iPad = "UIInterfaceOrientationPortrait UIInterfaceOrientationPortraitUpsideDown UIInterfaceOrientationLandscapeLeft UIInterfaceOrientationLandscapeRight";
				INFOPLIST_KEY_UISupportedInterfaceOrientations_iPhone = "UIInterfaceOrientationPortrait UIInterfaceOrientationLandscapeLeft UIInterfaceOrientationLandscapeRight";
				LD_RUNPATH_SEARCH_PATHS = (
					"$(inherited)",
					"@executable_path/Frameworks",
				);
				MARKETING_VERSION = 1.0;
				PRODUCT_BUNDLE_IDENTIFIER = dev.mzio.Migraine;
				PRODUCT_NAME = "$(TARGET_NAME)";
				SWIFT_EMIT_LOC_STRINGS = YES;
				SWIFT_VERSION = 5.0;
				TARGETED_DEVICE_FAMILY = "1,2";
			};
			name = Release;
		};
/* End XCBuildConfiguration section */

/* Begin XCConfigurationList section */
		08FB1E922CE6062F00872415 /* Build configuration list for PBXProject "Migraine" */ = {
			isa = XCConfigurationList;
			buildConfigurations = (
				08FB1EA32CE6063000872415 /* Debug */,
				08FB1EA42CE6063000872415 /* Release */,
			);
			defaultConfigurationIsVisible = 0;
			defaultConfigurationName = Release;
		};
		08FB1EA52CE6063000872415 /* Build configuration list for PBXNativeTarget "Migraine" */ = {
			isa = XCConfigurationList;
			buildConfigurations = (
				08FB1EA62CE6063000872415 /* Debug */,
				08FB1EA72CE6063000872415 /* Release */,
			);
			defaultConfigurationIsVisible = 0;
			defaultConfigurationName = Release;
		};
/* End XCConfigurationList section */
	};
	rootObject = 08FB1E8F2CE6062F00872415 /* Project object */;
}
